// !$*UTF8*$!
{
	archiveVersion = 1;
	classes = {
	};
	objectVersion = 50;
	objects = {

/* Begin PBXBuildFile section */
		ED260E9D287AED1B00AED34C /* AppDelegate.swift in Sources */ = {isa = PBXBuildFile; fileRef = ED260E9C287AED1B00AED34C /* AppDelegate.swift */; };
		ED260E9F287AED1B00AED34C /* SceneDelegate.swift in Sources */ = {isa = PBXBuildFile; fileRef = ED260E9E287AED1B00AED34C /* SceneDelegate.swift */; };
		ED260EA1287AED1B00AED34C /* ContentView.swift in Sources */ = {isa = PBXBuildFile; fileRef = ED260EA0287AED1B00AED34C /* ContentView.swift */; };
		ED260EA3287AED1C00AED34C /* Assets.xcassets in Resources */ = {isa = PBXBuildFile; fileRef = ED260EA2287AED1C00AED34C /* Assets.xcassets */; };
		ED260EA6287AED1C00AED34C /* Preview Assets.xcassets in Resources */ = {isa = PBXBuildFile; fileRef = ED260EA5287AED1C00AED34C /* Preview Assets.xcassets */; };
		ED260EA9287AED1C00AED34C /* LaunchScreen.storyboard in Resources */ = {isa = PBXBuildFile; fileRef = ED260EA7287AED1C00AED34C /* LaunchScreen.storyboard */; };
		ED421E2A287AEFE300653B1E /* NetworkManager.swift in Sources */ = {isa = PBXBuildFile; fileRef = ED421E29287AEFE300653B1E /* NetworkManager.swift */; };
		ED421E2C287AF0E600653B1E /* PostData.swift in Sources */ = {isa = PBXBuildFile; fileRef = ED421E2B287AF0E600653B1E /* PostData.swift */; };
		ED421E2F287AF53D00653B1E /* DetailsView.swift in Sources */ = {isa = PBXBuildFile; fileRef = ED421E2E287AF53D00653B1E /* DetailsView.swift */; };
		ED421E31287AF85100653B1E /* WebView.swift in Sources */ = {isa = PBXBuildFile; fileRef = ED421E30287AF85100653B1E /* WebView.swift */; };
/* End PBXBuildFile section */

/* Begin PBXFileReference section */
		ED260E99287AED1B00AED34C /* ITNEWS.app */ = {isa = PBXFileReference; explicitFileType = wrapper.application; includeInIndex = 0; path = ITNEWS.app; sourceTree = BUILT_PRODUCTS_DIR; };
		ED260E9C287AED1B00AED34C /* AppDelegate.swift */ = {isa = PBXFileReference; lastKnownFileType = sourcecode.swift; path = AppDelegate.swift; sourceTree = "<group>"; };
		ED260E9E287AED1B00AED34C /* SceneDelegate.swift */ = {isa = PBXFileReference; lastKnownFileType = sourcecode.swift; path = SceneDelegate.swift; sourceTree = "<group>"; };
		ED260EA0287AED1B00AED34C /* ContentView.swift */ = {isa = PBXFileReference; lastKnownFileType = sourcecode.swift; path = ContentView.swift; sourceTree = "<group>"; };
		ED260EA2287AED1C00AED34C /* Assets.xcassets */ = {isa = PBXFileReference; lastKnownFileType = folder.assetcatalog; path = Assets.xcassets; sourceTree = "<group>"; };
		ED260EA5287AED1C00AED34C /* Preview Assets.xcassets */ = {isa = PBXFileReference; lastKnownFileType = folder.assetcatalog; path = "Preview Assets.xcassets"; sourceTree = "<group>"; };
		ED260EA8287AED1C00AED34C /* Base */ = {isa = PBXFileReference; lastKnownFileType = file.storyboard; name = Base; path = Base.lproj/LaunchScreen.storyboard; sourceTree = "<group>"; };
		ED260EAA287AED1C00AED34C /* Info.plist */ = {isa = PBXFileReference; lastKnownFileType = text.plist.xml; path = Info.plist; sourceTree = "<group>"; };
		ED421E29287AEFE300653B1E /* NetworkManager.swift */ = {isa = PBXFileReference; lastKnownFileType = sourcecode.swift; path = NetworkManager.swift; sourceTree = "<group>"; };
		ED421E2B287AF0E600653B1E /* PostData.swift */ = {isa = PBXFileReference; lastKnownFileType = sourcecode.swift; path = PostData.swift; sourceTree = "<group>"; };
		ED421E2E287AF53D00653B1E /* DetailsView.swift */ = {isa = PBXFileReference; lastKnownFileType = sourcecode.swift; path = DetailsView.swift; sourceTree = "<group>"; };
		ED421E30287AF85100653B1E /* WebView.swift */ = {isa = PBXFileReference; lastKnownFileType = sourcecode.swift; path = WebView.swift; sourceTree = "<group>"; };
/* End PBXFileReference section */

/* Begin PBXFrameworksBuildPhase section */
		ED260E96287AED1B00AED34C /* Frameworks */ = {
			isa = PBXFrameworksBuildPhase;
			buildActionMask = 2147483647;
			files = (
			);
			runOnlyForDeploymentPostprocessing = 0;
		};
/* End PBXFrameworksBuildPhase section */

/* Begin PBXGroup section */
		ED260E90287AED1B00AED34C = {
			isa = PBXGroup;
			children = (
				ED260E9B287AED1B00AED34C /* ITNEWS */,
				ED260E9A287AED1B00AED34C /* Products */,
			);
			sourceTree = "<group>";
		};
		ED260E9A287AED1B00AED34C /* Products */ = {
			isa = PBXGroup;
			children = (
				ED260E99287AED1B00AED34C /* ITNEWS.app */,
			);
			name = Products;
			sourceTree = "<group>";
		};
		ED260E9B287AED1B00AED34C /* ITNEWS */ = {
			isa = PBXGroup;
			children = (
				ED260E9C287AED1B00AED34C /* AppDelegate.swift */,
				ED260E9E287AED1B00AED34C /* SceneDelegate.swift */,
				ED421E28287AEFD100653B1E /* Models */,
				ED421E2D287AF52A00653B1E /* Views */,
				ED260EA2287AED1C00AED34C /* Assets.xcassets */,
				ED260EA7287AED1C00AED34C /* LaunchScreen.storyboard */,
				ED260EAA287AED1C00AED34C /* Info.plist */,
				ED260EA4287AED1C00AED34C /* Preview Content */,
			);
			path = ITNEWS;
			sourceTree = "<group>";
		};
		ED260EA4287AED1C00AED34C /* Preview Content */ = {
			isa = PBXGroup;
			children = (
				ED260EA5287AED1C00AED34C /* Preview Assets.xcassets */,
			);
			path = "Preview Content";
			sourceTree = "<group>";
		};
		ED421E28287AEFD100653B1E /* Models */ = {
			isa = PBXGroup;
			children = (
				ED421E29287AEFE300653B1E /* NetworkManager.swift */,
				ED421E2B287AF0E600653B1E /* PostData.swift */,
			);
			path = Models;
			sourceTree = "<group>";
		};
		ED421E2D287AF52A00653B1E /* Views */ = {
			isa = PBXGroup;
			children = (
				ED260EA0287AED1B00AED34C /* ContentView.swift */,
				ED421E2E287AF53D00653B1E /* DetailsView.swift */,
				ED421E30287AF85100653B1E /* WebView.swift */,
			);
			path = Views;
			sourceTree = "<group>";
		};
/* End PBXGroup section */

/* Begin PBXNativeTarget section */
		ED260E98287AED1B00AED34C /* ITNEWS */ = {
			isa = PBXNativeTarget;
			buildConfigurationList = ED260EAD287AED1C00AED34C /* Build configuration list for PBXNativeTarget "ITNEWS" */;
			buildPhases = (
				ED260E95287AED1B00AED34C /* Sources */,
				ED260E96287AED1B00AED34C /* Frameworks */,
				ED260E97287AED1B00AED34C /* Resources */,
			);
			buildRules = (
			);
			dependencies = (
			);
			name = ITNEWS;
			productName = ITNEWS;
			productReference = ED260E99287AED1B00AED34C /* ITNEWS.app */;
			productType = "com.apple.product-type.application";
		};
/* End PBXNativeTarget section */

/* Begin PBXProject section */
		ED260E91287AED1B00AED34C /* Project object */ = {
			isa = PBXProject;
			attributes = {
				LastSwiftUpdateCheck = 1150;
				LastUpgradeCheck = 1150;
				ORGANIZATIONNAME = Kirill;
				TargetAttributes = {
					ED260E98287AED1B00AED34C = {
						CreatedOnToolsVersion = 11.5;
					};
				};
			};
			buildConfigurationList = ED260E94287AED1B00AED34C /* Build configuration list for PBXProject "ITNEWS" */;
			compatibilityVersion = "Xcode 9.3";
			developmentRegion = en;
			hasScannedForEncodings = 0;
			knownRegions = (
				en,
				Base,
			);
			mainGroup = ED260E90287AED1B00AED34C;
			productRefGroup = ED260E9A287AED1B00AED34C /* Products */;
			projectDirPath = "";
			projectRoot = "";
			targets = (
				ED260E98287AED1B00AED34C /* ITNEWS */,
			);
		};
/* End PBXProject section */

/* Begin PBXResourcesBuildPhase section */
		ED260E97287AED1B00AED34C /* Resources */ = {
			isa = PBXResourcesBuildPhase;
			buildActionMask = 2147483647;
			files = (
				ED260EA9287AED1C00AED34C /* LaunchScreen.storyboard in Resources */,
				ED260EA6287AED1C00AED34C /* Preview Assets.xcassets in Resources */,
				ED260EA3287AED1C00AED34C /* Assets.xcassets in Resources */,
			);
			runOnlyForDeploymentPostprocessing = 0;
		};
/* End PBXResourcesBuildPhase section */

/* Begin PBXSourcesBuildPhase section */
		ED260E95287AED1B00AED34C /* Sources */ = {
			isa = PBXSourcesBuildPhase;
			buildActionMask = 2147483647;
			files = (
				ED421E2C287AF0E600653B1E /* PostData.swift in Sources */,
				ED421E2A287AEFE300653B1E /* NetworkManager.swift in Sources */,
				ED260E9D287AED1B00AED34C /* AppDelegate.swift in Sources */,
				ED260E9F287AED1B00AED34C /* SceneDelegate.swift in Sources */,
				ED260EA1287AED1B00AED34C /* ContentView.swift in Sources */,
				ED421E2F287AF53D00653B1E /* DetailsView.swift in Sources */,
				ED421E31287AF85100653B1E /* WebView.swift in Sources */,
			);
			runOnlyForDeploymentPostprocessing = 0;
		};
/* End PBXSourcesBuildPhase section */

/* Begin PBXVariantGroup section */
		ED260EA7287AED1C00AED34C /* LaunchScreen.storyboard */ = {
			isa = PBXVariantGroup;
			children = (
				ED260EA8287AED1C00AED34C /* Base */,
			);
			name = LaunchScreen.storyboard;
			sourceTree = "<group>";
		};
/* End PBXVariantGroup section */

/* Begin XCBuildConfiguration section */
		ED260EAB287AED1C00AED34C /* Debug */ = {
			isa = XCBuildConfiguration;
			buildSettings = {
				ALWAYS_SEARCH_USER_PATHS = NO;
				CLANG_ANALYZER_NONNULL = YES;
				CLANG_ANALYZER_NUMBER_OBJECT_CONVERSION = YES_AGGRESSIVE;
				CLANG_CXX_LANGUAGE_STANDARD = "gnu++14";
				CLANG_CXX_LIBRARY = "libc++";
				CLANG_ENABLE_MODULES = YES;
				CLANG_ENABLE_OBJC_ARC = YES;
				CLANG_ENABLE_OBJC_WEAK = YES;
				CLANG_WARN_BLOCK_CAPTURE_AUTORELEASING = YES;
				CLANG_WARN_BOOL_CONVERSION = YES;
				CLANG_WARN_COMMA = YES;
				CLANG_WARN_CONSTANT_CONVERSION = YES;
				CLANG_WARN_DEPRECATED_OBJC_IMPLEMENTATIONS = YES;
				CLANG_WARN_DIRECT_OBJC_ISA_USAGE = YES_ERROR;
				CLANG_WARN_DOCUMENTATION_COMMENTS = YES;
				CLANG_WARN_EMPTY_BODY = YES;
				CLANG_WARN_ENUM_CONVERSION = YES;
				CLANG_WARN_INFINITE_RECURSION = YES;
				CLANG_WARN_INT_CONVERSION = YES;
				CLANG_WARN_NON_LITERAL_NULL_CONVERSION = YES;
				CLANG_WARN_OBJC_IMPLICIT_RETAIN_SELF = YES;
				CLANG_WARN_OBJC_LITERAL_CONVERSION = YES;
				CLANG_WARN_OBJC_ROOT_CLASS = YES_ERROR;
				CLANG_WARN_RANGE_LOOP_ANALYSIS = YES;
				CLANG_WARN_STRICT_PROTOTYPES = YES;
				CLANG_WARN_SUSPICIOUS_MOVE = YES;
				CLANG_WARN_UNGUARDED_AVAILABILITY = YES_AGGRESSIVE;
				CLANG_WARN_UNREACHABLE_CODE = YES;
				CLANG_WARN__DUPLICATE_METHOD_MATCH = YES;
				COPY_PHASE_STRIP = NO;
				DEBUG_INFORMATION_FORMAT = dwarf;
				ENABLE_STRICT_OBJC_MSGSEND = YES;
				ENABLE_TESTABILITY = YES;
				GCC_C_LANGUAGE_STANDARD = gnu11;
				GCC_DYNAMIC_NO_PIC = NO;
				GCC_NO_COMMON_BLOCKS = YES;
				GCC_OPTIMIZATION_LEVEL = 0;
				GCC_PREPROCESSOR_DEFINITIONS = (
					"DEBUG=1",
					"$(inherited)",
				);
				GCC_WARN_64_TO_32_BIT_CONVERSION = YES;
				GCC_WARN_ABOUT_RETURN_TYPE = YES_ERROR;
				GCC_WARN_UNDECLARED_SELECTOR = YES;
				GCC_WARN_UNINITIALIZED_AUTOS = YES_AGGRESSIVE;
				GCC_WARN_UNUSED_FUNCTION = YES;
				GCC_WARN_UNUSED_VARIABLE = YES;
				IPHONEOS_DEPLOYMENT_TARGET = 13.5;
				MTL_ENABLE_DEBUG_INFO = INCLUDE_SOURCE;
				MTL_FAST_MATH = YES;
				ONLY_ACTIVE_ARCH = YES;
				SDKROOT = iphoneos;
				SWIFT_ACTIVE_COMPILATION_CONDITIONS = DEBUG;
				SWIFT_OPTIMIZATION_LEVEL = "-Onone";
			};
			name = Debug;
		};
		ED260EAC287AED1C00AED34C /* Release */ = {
			isa = XCBuildConfiguration;
			buildSettings = {
				ALWAYS_SEARCH_USER_PATHS = NO;
				CLANG_ANALYZER_NONNULL = YES;
				CLANG_ANALYZER_NUMBER_OBJECT_CONVERSION = YES_AGGRESSIVE;
				CLANG_CXX_LANGUAGE_STANDARD = "gnu++14";
				CLANG_CXX_LIBRARY = "libc++";
				CLANG_ENABLE_MODULES = YES;
				CLANG_ENABLE_OBJC_ARC = YES;
				CLANG_ENABLE_OBJC_WEAK = YES;
				CLANG_WARN_BLOCK_CAPTURE_AUTORELEASING = YES;
				CLANG_WARN_BOOL_CONVERSION = YES;
				CLANG_WARN_COMMA = YES;
				CLANG_WARN_CONSTANT_CONVERSION = YES;
				CLANG_WARN_DEPRECATED_OBJC_IMPLEMENTATIONS = YES;
				CLANG_WARN_DIRECT_OBJC_ISA_USAGE = YES_ERROR;
				CLANG_WARN_DOCUMENTATION_COMMENTS = YES;
				CLANG_WARN_EMPTY_BODY = YES;
				CLANG_WARN_ENUM_CONVERSION = YES;
				CLANG_WARN_INFINITE_RECURSION = YES;
				CLANG_WARN_INT_CONVERSION = YES;
				CLANG_WARN_NON_LITERAL_NULL_CONVERSION = YES;
				CLANG_WARN_OBJC_IMPLICIT_RETAIN_SELF = YES;
				CLANG_WARN_OBJC_LITERAL_CONVERSION = YES;
				CLANG_WARN_OBJC_ROOT_CLASS = YES_ERROR;
				CLANG_WARN_RANGE_LOOP_ANALYSIS = YES;
				CLANG_WARN_STRICT_PROTOTYPES = YES;
				CLANG_WARN_SUSPICIOUS_MOVE = YES;
				CLANG_WARN_UNGUARDED_AVAILABILITY = YES_AGGRESSIVE;
				CLANG_WARN_UNREACHABLE_CODE = YES;
				CLANG_WARN__DUPLICATE_METHOD_MATCH = YES;
				COPY_PHASE_STRIP = NO;
				DEBUG_INFORMATION_FORMAT = "dwarf-with-dsym";
				ENABLE_NS_ASSERTIONS = NO;
				ENABLE_STRICT_OBJC_MSGSEND = YES;
				GCC_C_LANGUAGE_STANDARD = gnu11;
				GCC_NO_COMMON_BLOCKS = YES;
				GCC_WARN_64_TO_32_BIT_CONVERSION = YES;
				GCC_WARN_ABOUT_RETURN_TYPE = YES_ERROR;
				GCC_WARN_UNDECLARED_SELECTOR = YES;
				GCC_WARN_UNINITIALIZED_AUTOS = YES_AGGRESSIVE;
				GCC_WARN_UNUSED_FUNCTION = YES;
				GCC_WARN_UNUSED_VARIABLE = YES;
				IPHONEOS_DEPLOYMENT_TARGET = 13.5;
				MTL_ENABLE_DEBUG_INFO = NO;
				MTL_FAST_MATH = YES;
				SDKROOT = iphoneos;
				SWIFT_COMPILATION_MODE = wholemodule;
				SWIFT_OPTIMIZATION_LEVEL = "-O";
				VALIDATE_PRODUCT = YES;
			};
			name = Release;
		};
		ED260EAE287AED1C00AED34C /* Debug */ = {
			isa = XCBuildConfiguration;
			buildSettings = {
				ASSETCATALOG_COMPILER_APPICON_NAME = AppIcon;
				CODE_SIGN_STYLE = Automatic;
				DEVELOPMENT_ASSET_PATHS = "\"ITNEWS/Preview Content\"";
				DEVELOPMENT_TEAM = 4Z2WB5K56M;
				ENABLE_PREVIEWS = YES;
				INFOPLIST_FILE = ITNEWS/Info.plist;
				LD_RUNPATH_SEARCH_PATHS = (
					"$(inherited)",
					"@executable_path/Frameworks",
				);
				PRODUCT_BUNDLE_IDENTIFIER = com.vikhlyaev.ITNEWS;
				PRODUCT_NAME = "$(TARGET_NAME)";
				SWIFT_VERSION = 5.0;
				TARGETED_DEVICE_FAMILY = "1,2";
			};
			name = Debug;
		};
		ED260EAF287AED1C00AED34C /* Release */ = {
			isa = XCBuildConfiguration;
			buildSettings = {
				ASSETCATALOG_COMPILER_APPICON_NAME = AppIcon;
				CODE_SIGN_STYLE = Automatic;
				DEVELOPMENT_ASSET_PATHS = "\"ITNEWS/Preview Content\"";
				DEVELOPMENT_TEAM = 4Z2WB5K56M;
				ENABLE_PREVIEWS = YES;
				INFOPLIST_FILE = ITNEWS/Info.plist;
				LD_RUNPATH_SEARCH_PATHS = (
					"$(inherited)",
					"@executable_path/Frameworks",
				);
				PRODUCT_BUNDLE_IDENTIFIER = com.vikhlyaev.ITNEWS;
				PRODUCT_NAME = "$(TARGET_NAME)";
				SWIFT_VERSION = 5.0;
				TARGETED_DEVICE_FAMILY = "1,2";
			};
			name = Release;
		};
/* End XCBuildConfiguration section */

/* Begin XCConfigurationList section */
		ED260E94287AED1B00AED34C /* Build configuration list for PBXProject "ITNEWS" */ = {
			isa = XCConfigurationList;
			buildConfigurations = (
				ED260EAB287AED1C00AED34C /* Debug */,
				ED260EAC287AED1C00AED34C /* Release */,
			);
			defaultConfigurationIsVisible = 0;
			defaultConfigurationName = Release;
		};
		ED260EAD287AED1C00AED34C /* Build configuration list for PBXNativeTarget "ITNEWS" */ = {
			isa = XCConfigurationList;
			buildConfigurations = (
				ED260EAE287AED1C00AED34C /* Debug */,
				ED260EAF287AED1C00AED34C /* Release */,
			);
			defaultConfigurationIsVisible = 0;
			defaultConfigurationName = Release;
		};
/* End XCConfigurationList section */
	};
	rootObject = ED260E91287AED1B00AED34C /* Project object */;
}
